// !$*UTF8*$!
{
	archiveVersion = 1;
	classes = {
	};
	objectVersion = 46;
	objects = {

/* Begin PBXBuildFile section */
		1DFC2C6C1F582D17008A1684 /* AppDelegate.swift in Sources */ = {isa = PBXBuildFile; fileRef = 1DFC2C6B1F582D17008A1684 /* AppDelegate.swift */; };
		1DFC2C711F582D17008A1684 /* Main.storyboard in Resources */ = {isa = PBXBuildFile; fileRef = 1DFC2C6F1F582D17008A1684 /* Main.storyboard */; };
		1DFC2C731F582D17008A1684 /* Assets.xcassets in Resources */ = {isa = PBXBuildFile; fileRef = 1DFC2C721F582D17008A1684 /* Assets.xcassets */; };
		1DFC2C761F582D17008A1684 /* LaunchScreen.storyboard in Resources */ = {isa = PBXBuildFile; fileRef = 1DFC2C741F582D17008A1684 /* LaunchScreen.storyboard */; };
		1DFC2C7E1F582E30008A1684 /* MyTableViewController.swift in Sources */ = {isa = PBXBuildFile; fileRef = 1DFC2C7D1F582E30008A1684 /* MyTableViewController.swift */; };
/* End PBXBuildFile section */

/* Begin PBXFileReference section */
		1DFC2C681F582D17008A1684 /* TVCExample.app */ = {isa = PBXFileReference; explicitFileType = wrapper.application; includeInIndex = 0; path = TVCExample.app; sourceTree = BUILT_PRODUCTS_DIR; };
		1DFC2C6B1F582D17008A1684 /* AppDelegate.swift */ = {isa = PBXFileReference; lastKnownFileType = sourcecode.swift; path = AppDelegate.swift; sourceTree = "<group>"; };
		1DFC2C701F582D17008A1684 /* Base */ = {isa = PBXFileReference; lastKnownFileType = file.storyboard; name = Base; path = Base.lproj/Main.storyboard; sourceTree = "<group>"; };
		1DFC2C721F582D17008A1684 /* Assets.xcassets */ = {isa = PBXFileReference; lastKnownFileType = folder.assetcatalog; path = Assets.xcassets; sourceTree = "<group>"; };
		1DFC2C751F582D17008A1684 /* Base */ = {isa = PBXFileReference; lastKnownFileType = file.storyboard; name = Base; path = Base.lproj/LaunchScreen.storyboard; sourceTree = "<group>"; };
		1DFC2C771F582D17008A1684 /* Info.plist */ = {isa = PBXFileReference; lastKnownFileType = text.plist.xml; path = Info.plist; sourceTree = "<group>"; };
		1DFC2C7D1F582E30008A1684 /* MyTableViewController.swift */ = {isa = PBXFileReference; fileEncoding = 4; lastKnownFileType = sourcecode.swift; path = MyTableViewController.swift; sourceTree = "<group>"; };
/* End PBXFileReference section */

/* Begin PBXFrameworksBuildPhase section */
		1DFC2C651F582D17008A1684 /* Frameworks */ = {
			isa = PBXFrameworksBuildPhase;
			buildActionMask = 2147483647;
			files = (
			);
			runOnlyForDeploymentPostprocessing = 0;
		};
/* End PBXFrameworksBuildPhase section */

/* Begin PBXGroup section */
		1DFC2C5F1F582D17008A1684 = {
			isa = PBXGroup;
			children = (
				1DFC2C6A1F582D17008A1684 /* TVCExample */,
				1DFC2C691F582D17008A1684 /* Products */,
			);
			sourceTree = "<group>";
		};
		1DFC2C691F582D17008A1684 /* Products */ = {
			isa = PBXGroup;
			children = (
				1DFC2C681F582D17008A1684 /* TVCExample.app */,
			);
			name = Products;
			sourceTree = "<group>";
		};
		1DFC2C6A1F582D17008A1684 /* TVCExample */ = {
			isa = PBXGroup;
			children = (
				1DFC2C6B1F582D17008A1684 /* AppDelegate.swift */,
				1DFC2C6F1F582D17008A1684 /* Main.storyboard */,
				1DFC2C721F582D17008A1684 /* Assets.xcassets */,
				1DFC2C741F582D17008A1684 /* LaunchScreen.storyboard */,
				1DFC2C771F582D17008A1684 /* Info.plist */,
				1DFC2C7D1F582E30008A1684 /* MyTableViewController.swift */,
			);
			path = TVCExample;
			sourceTree = "<group>";
		};
/* End PBXGroup section */

/* Begin PBXNativeTarget section */
		1DFC2C671F582D17008A1684 /* TVCExample */ = {
			isa = PBXNativeTarget;
			buildConfigurationList = 1DFC2C7A1F582D17008A1684 /* Build configuration list for PBXNativeTarget "TVCExample" */;
			buildPhases = (
				1DFC2C641F582D17008A1684 /* Sources */,
				1DFC2C651F582D17008A1684 /* Frameworks */,
				1DFC2C661F582D17008A1684 /* Resources */,
			);
			buildRules = (
			);
			dependencies = (
			);
			name = TVCExample;
			productName = TVCExample;
			productReference = 1DFC2C681F582D17008A1684 /* TVCExample.app */;
			productType = "com.apple.product-type.application";
		};
/* End PBXNativeTarget section */

/* Begin PBXProject section */
		1DFC2C601F582D17008A1684 /* Project object */ = {
			isa = PBXProject;
			attributes = {
				LastSwiftUpdateCheck = 0830;
				LastUpgradeCheck = 1020;
				ORGANIZATIONNAME = "Vibhor Gupta";
				TargetAttributes = {
					1DFC2C671F582D17008A1684 = {
						CreatedOnToolsVersion = 8.3.3;
						DevelopmentTeam = T956U6KKAA;
						ProvisioningStyle = Automatic;
					};
				};
			};
			buildConfigurationList = 1DFC2C631F582D17008A1684 /* Build configuration list for PBXProject "TVCExample" */;
			compatibilityVersion = "Xcode 3.2";
			developmentRegion = en;
			hasScannedForEncodings = 0;
			knownRegions = (
				en,
				Base,
			);
			mainGroup = 1DFC2C5F1F582D17008A1684;
			productRefGroup = 1DFC2C691F582D17008A1684 /* Products */;
			projectDirPath = "";
			projectRoot = "";
			targets = (
				1DFC2C671F582D17008A1684 /* TVCExample */,
			);
		};
/* End PBXProject section */

/* Begin PBXResourcesBuildPhase section */
		1DFC2C661F582D17008A1684 /* Resources */ = {
			isa = PBXResourcesBuildPhase;
			buildActionMask = 2147483647;
			files = (
				1DFC2C761F582D17008A1684 /* LaunchScreen.storyboard in Resources */,
				1DFC2C731F582D17008A1684 /* Assets.xcassets in Resources */,
				1DFC2C711F582D17008A1684 /* Main.storyboard in Resources */,
			);
			runOnlyForDeploymentPostprocessing = 0;
		};
/* End PBXResourcesBuildPhase section */

/* Begin PBXSourcesBuildPhase section */
		1DFC2C641F582D17008A1684 /* Sources */ = {
			isa = PBXSourcesBuildPhase;
			buildActionMask = 2147483647;
			files = (
				1DFC2C7E1F582E30008A1684 /* MyTableViewController.swift in Sources */,
				1DFC2C6C1F582D17008A1684 /* AppDelegate.swift in Sources */,
			);
			runOnlyForDeploymentPostprocessing = 0;
		};
/* End PBXSourcesBuildPhase section */

/* Begin PBXVariantGroup section */
		1DFC2C6F1F582D17008A1684 /* Main.storyboard */ = {
			isa = PBXVariantGroup;
			children = (
				1DFC2C701F582D17008A1684 /* Base */,
			);
			name = Main.storyboard;
			sourceTree = "<group>";
		};
		1DFC2C741F582D17008A1684 /* LaunchScreen.storyboard */ = {
			isa = PBXVariantGroup;
			children = (
				1DFC2C751F582D17008A1684 /* Base */,
			);
			name = LaunchScreen.storyboard;
			sourceTree = "<group>";
		};
/* End PBXVariantGroup section */

/* Begin XCBuildConfiguration section */
		1DFC2C781F582D17008A1684 /* Debug */ = {
			isa = XCBuildConfiguration;
			buildSettings = {
				ALWAYS_SEARCH_USER_PATHS = NO;
				CLANG_ANALYZER_LOCALIZABILITY_NONLOCALIZED = YES;
				CLANG_ANALYZER_NONNULL = YES;
				CLANG_ANALYZER_NUMBER_OBJECT_CONVERSION = YES_AGGRESSIVE;
				CLANG_CXX_LANGUAGE_STANDARD = "gnu++0x";
				CLANG_CXX_LIBRARY = "libc++";
				CLANG_ENABLE_MODULES = YES;
				CLANG_ENABLE_OBJC_ARC = YES;
				CLANG_WARN_BLOCK_CAPTURE_AUTORELEASING = YES;
				CLANG_WARN_BOOL_CONVERSION = YES;
				CLANG_WARN_COMMA = YES;
				CLANG_WARN_CONSTANT_CONVERSION = YES;
				CLANG_WARN_DEPRECATED_OBJC_IMPLEMENTATIONS = YES;
				CLANG_WARN_DIRECT_OBJC_ISA_USAGE = YES_ERROR;
				CLANG_WARN_DOCUMENTATION_COMMENTS = YES;
				CLANG_WARN_EMPTY_BODY = YES;
				CLANG_WARN_ENUM_CONVERSION = YES;
				CLANG_WARN_INFINITE_RECURSION = YES;
				CLANG_WARN_INT_CONVERSION = YES;
				CLANG_WARN_NON_LITERAL_NULL_CONVERSION = YES;
				CLANG_WARN_OBJC_IMPLICIT_RETAIN_SELF = YES;
				CLANG_WARN_OBJC_LITERAL_CONVERSION = YES;
				CLANG_WARN_OBJC_ROOT_CLASS = YES_ERROR;
				CLANG_WARN_RANGE_LOOP_ANALYSIS = YES;
				CLANG_WARN_STRICT_PROTOTYPES = YES;
				CLANG_WARN_SUSPICIOUS_MOVE = YES;
				CLANG_WARN_UNREACHABLE_CODE = YES;
				CLANG_WARN__DUPLICATE_METHOD_MATCH = YES;
				"CODE_SIGN_IDENTITY[sdk=iphoneos*]" = "iPhone Developer";
				COPY_PHASE_STRIP = NO;
				DEBUG_INFORMATION_FORMAT = dwarf;
				ENABLE_STRICT_OBJC_MSGSEND = YES;
				ENABLE_TESTABILITY = YES;
				GCC_C_LANGUAGE_STANDARD = gnu99;
				GCC_DYNAMIC_NO_PIC = NO;
				GCC_NO_COMMON_BLOCKS = YES;
				GCC_OPTIMIZATION_LEVEL = 0;
				GCC_PREPROCESSOR_DEFINITIONS = (
					"DEBUG=1",
					"$(inherited)",
				);
				GCC_WARN_64_TO_32_BIT_CONVERSION = YES;
				GCC_WARN_ABOUT_RETURN_TYPE = YES_ERROR;
				GCC_WARN_UNDECLARED_SELECTOR = YES;
				GCC_WARN_UNINITIALIZED_AUTOS = YES_AGGRESSIVE;
				GCC_WARN_UNUSED_FUNCTION = YES;
				GCC_WARN_UNUSED_VARIABLE = YES;
				IPHONEOS_DEPLOYMENT_TARGET = 12.2;
				MTL_ENABLE_DEBUG_INFO = YES;
				ONLY_ACTIVE_ARCH = YES;
				SDKROOT = iphoneos;
				SWIFT_ACTIVE_COMPILATION_CONDITIONS = DEBUG;
				SWIFT_OPTIMIZATION_LEVEL = "-Onone";
			};
			name = Debug;
		};
		1DFC2C791F582D17008A1684 /* Release */ = {
			isa = XCBuildConfiguration;
			buildSettings = {
				ALWAYS_SEARCH_USER_PATHS = NO;
				CLANG_ANALYZER_LOCALIZABILITY_NONLOCALIZED = YES;
				CLANG_ANALYZER_NONNULL = YES;
				CLANG_ANALYZER_NUMBER_OBJECT_CONVERSION = YES_AGGRESSIVE;
				CLANG_CXX_LANGUAGE_STANDARD = "gnu++0x";
				CLANG_CXX_LIBRARY = "libc++";
				CLANG_ENABLE_MODULES = YES;
				CLANG_ENABLE_OBJC_ARC = YES;
				CLANG_WARN_BLOCK_CAPTURE_AUTORELEASING = YES;
				CLANG_WARN_BOOL_CONVERSION = YES;
				CLANG_WARN_COMMA = YES;
				CLANG_WARN_CONSTANT_CONVERSION = YES;
				CLANG_WARN_DEPRECATED_OBJC_IMPLEMENTATIONS = YES;
				CLANG_WARN_DIRECT_OBJC_ISA_USAGE = YES_ERROR;
				CLANG_WARN_DOCUMENTATION_COMMENTS = YES;
				CLANG_WARN_EMPTY_BODY = YES;
				CLANG_WARN_ENUM_CONVERSION = YES;
				CLANG_WARN_INFINITE_RECURSION = YES;
				CLANG_WARN_INT_CONVERSION = YES;
				CLANG_WARN_NON_LITERAL_NULL_CONVERSION = YES;
				CLANG_WARN_OBJC_IMPLICIT_RETAIN_SELF = YES;
				CLANG_WARN_OBJC_LITERAL_CONVERSION = YES;
				CLANG_WARN_OBJC_ROOT_CLASS = YES_ERROR;
				CLANG_WARN_RANGE_LOOP_ANALYSIS = YES;
				CLANG_WARN_STRICT_PROTOTYPES = YES;
				CLANG_WARN_SUSPICIOUS_MOVE = YES;
				CLANG_WARN_UNREACHABLE_CODE = YES;
				CLANG_WARN__DUPLICATE_METHOD_MATCH = YES;
				"CODE_SIGN_IDENTITY[sdk=iphoneos*]" = "iPhone Developer";
				COPY_PHASE_STRIP = NO;
				DEBUG_INFORMATION_FORMAT = "dwarf-with-dsym";
				ENABLE_NS_ASSERTIONS = NO;
				ENABLE_STRICT_OBJC_MSGSEND = YES;
				GCC_C_LANGUAGE_STANDARD = gnu99;
				GCC_NO_COMMON_BLOCKS = YES;
				GCC_WARN_64_TO_32_BIT_CONVERSION = YES;
				GCC_WARN_ABOUT_RETURN_TYPE = YES_ERROR;
				GCC_WARN_UNDECLARED_SELECTOR = YES;
				GCC_WARN_UNINITIALIZED_AUTOS = YES_AGGRESSIVE;
				GCC_WARN_UNUSED_FUNCTION = YES;
				GCC_WARN_UNUSED_VARIABLE = YES;
				IPHONEOS_DEPLOYMENT_TARGET = 12.2;
				MTL_ENABLE_DEBUG_INFO = NO;
				SDKROOT = iphoneos;
				SWIFT_OPTIMIZATION_LEVEL = "-Owholemodule";
				VALIDATE_PRODUCT = YES;
			};
			name = Release;
		};
		1DFC2C7B1F582D17008A1684 /* Debug */ = {
			isa = XCBuildConfiguration;
			buildSettings = {
				ASSETCATALOG_COMPILER_APPICON_NAME = AppIcon;
				DEVELOPMENT_TEAM = T956U6KKAA;
				INFOPLIST_FILE = TVCExample/Info.plist;
				LD_RUNPATH_SEARCH_PATHS = "$(inherited) @executable_path/Frameworks";
				PRODUCT_BUNDLE_IDENTIFIER = in.vibhorgupta.TVCExample;
				PRODUCT_NAME = "$(TARGET_NAME)";
				SWIFT_VERSION = 5.0;
			};
			name = Debug;
		};
		1DFC2C7C1F582D17008A1684 /* Release */ = {
			isa = XCBuildConfiguration;
			buildSettings = {
				ASSETCATALOG_COMPILER_APPICON_NAME = AppIcon;
				DEVELOPMENT_TEAM = T956U6KKAA;
				INFOPLIST_FILE = TVCExample/Info.plist;
				LD_RUNPATH_SEARCH_PATHS = "$(inherited) @executable_path/Frameworks";
				PRODUCT_BUNDLE_IDENTIFIER = in.vibhorgupta.TVCExample;
				PRODUCT_NAME = "$(TARGET_NAME)";
				SWIFT_VERSION = 5.0;
			};
			name = Release;
		};
/* End XCBuildConfiguration section */

/* Begin XCConfigurationList section */
		1DFC2C631F582D17008A1684 /* Build configuration list for PBXProject "TVCExample" */ = {
			isa = XCConfigurationList;
			buildConfigurations = (
				1DFC2C781F582D17008A1684 /* Debug */,
				1DFC2C791F582D17008A1684 /* Release */,
			);
			defaultConfigurationIsVisible = 0;
			defaultConfigurationName = Release;
		};
		1DFC2C7A1F582D17008A1684 /* Build configuration list for PBXNativeTarget "TVCExample" */ = {
			isa = XCConfigurationList;
			buildConfigurations = (
				1DFC2C7B1F582D17008A1684 /* Debug */,
				1DFC2C7C1F582D17008A1684 /* Release */,
			);
			defaultConfigurationIsVisible = 0;
			defaultConfigurationName = Release;
		};
/* End XCConfigurationList section */
	};
	rootObject = 1DFC2C601F582D17008A1684 /* Project object */;
}
